
Microsoft Visual Studio Solution File, Format Version 12.00
# Visual Studio Version 17
VisualStudioVersion = 17.2.32519.379
MinimumVisualStudioVersion = 10.0.40219.1
Project("{54A90642-561A-4BB1-A94E-469ADEE60C69}") = "AutomicObjectDesignerFront", "AutomicObjectDesignerFront.esproj", "{6329133A-A16F-4B82-A484-13FC5D3EF582}"
EndProject
Project("{FAE04EC0-301F-11D3-BF4B-00C04F79EFBC}") = "AutomicObjectDesignerBack", "..\AutomicObjectDesignerBack\AutomicObjectDesignerBack.csproj", "{0B6B9737-012C-41C2-9332-41B1DCC4A417}"
EndProject
Global
	GlobalSection(SolutionConfigurationPlatforms) = preSolution
		Debug|Any CPU = Debug|Any CPU
		Release|Any CPU = Release|Any CPU
	EndGlobalSection
	GlobalSection(ProjectConfigurationPlatforms) = postSolution
		{6329133A-A16F-4B82-A484-13FC5D3EF582}.Debug|Any CPU.ActiveCfg = Debug|Any CPU
		{6329133A-A16F-4B82-A484-13FC5D3EF582}.Debug|Any CPU.Build.0 = Debug|Any CPU
		{6329133A-A16F-4B82-A484-13FC5D3EF582}.Debug|Any CPU.Deploy.0 = Debug|Any CPU
		{6329133A-A16F-4B82-A484-13FC5D3EF582}.Release|Any CPU.ActiveCfg = Release|Any CPU
		{6329133A-A16F-4B82-A484-13FC5D3EF582}.Release|Any CPU.Build.0 = Release|Any CPU
		{6329133A-A16F-4B82-A484-13FC5D3EF582}.Release|Any CPU.Deploy.0 = Release|Any CPU
		{0B6B9737-012C-41C2-9332-41B1DCC4A417}.Debug|Any CPU.ActiveCfg = Debug|Any CPU
		{0B6B9737-012C-41C2-9332-41B1DCC4A417}.Debug|Any CPU.Build.0 = Debug|Any CPU
		{0B6B9737-012C-41C2-9332-41B1DCC4A417}.Release|Any CPU.ActiveCfg = Release|Any CPU
		{0B6B9737-012C-41C2-9332-41B1DCC4A417}.Release|Any CPU.Build.0 = Release|Any CPU
	EndGlobalSection
	GlobalSection(SolutionProperties) = preSolution
		HideSolutionNode = FALSE
	EndGlobalSection
	GlobalSection(ExtensibilityGlobals) = postSolution
		SolutionGuid = {143B382D-7435-4630-AF79-4F1E2806C75B}
	EndGlobalSection
EndGlobal
